{
  "name": "benchmarks",
  "lockfileVersion": 3,
  "requires": true,
  "packages": {
    "": {
      "devDependencies": {
        "prettier": "3.9.6",
        "rustywind": "0.26.0"
      }
    },
    "node_modules/detect-libc": {
      "version": "2.1.2",
      "resolved": "https://registry.npmjs.org/detect-libc/-/detect-libc-2.1.2.tgz",
      "integrity": "sha512-Btj2BOOO83o3WyH59e8MgXsxEQVcarkUOpEYrubB0urwnN10yQ364rsiByU11nZlqWYZm05i/of7io4mzihBtQ==",
      "dev": true,
      "license": "Apache-2.0",
      "engines": {
        "node": ">=8"
      }
    },
    "node_modules/prettier": {
      "version": "3.9.6",
      "resolved": "https://registry.npmjs.org/prettier/-/prettier-3.9.6.tgz",
      "integrity": "sha512-OpN0zzVdiaiAhxpuuj5efpIS4sY9j7bY6uR5mnj5yPzGkdkjNKSJeUThPb60Jw29QuAZgA4o+/iB49kFiaBX6g==",
      "dev": true,
      "license": "MIT",
      "bin": {
        "prettier": "bin/prettier.cjs"
      },
      "engines": {
        "node": ">=14"
      },
      "funding": {
        "url": "https://github.com/prettier/prettier?sponsor=1"
      }
    },
    "node_modules/rustywind": {
      "version": "0.26.0",
      "resolved": "https://registry.npmjs.org/rustywind/-/rustywind-0.26.0.tgz",
      "integrity": "sha512-5Ge4G2ipzq963m6CZ/2NRWGZCOX3DhgAkArUYJfPP+FJV1HdcaCczcpfwycug/sCJ84oRMYcz5xF1nf6vQ/vAg==",
      "dev": true,
      "hasInstallScript": true,
      "license": "MIT",
      "dependencies": {
        "detect-libc": "^2.0.3"
      },
      "bin": {
        "rustywind": "bin/rustywind"
      },
      "optionalDependencies": {
        "rustywind-darwin-arm64": "0.26.0",
        "rustywind-darwin-x64": "0.26.0",
        "rustywind-linux-arm-gnueabihf": "0.26.0",
        "rustywind-linux-arm64-gnu": "0.26.0",
        "rustywind-linux-arm64-musl": "0.26.0",
        "rustywind-linux-x64-musl": "0.26.0",
        "rustywind-win32-ia32-msvc": "0.26.0",
        "rustywind-win32-x64-msvc": "0.26.0"
      }
    },
    "node_modules/rustywind-darwin-arm64": {
      "version": "0.26.0",
      "resolved": "https://registry.npmjs.org/rustywind-darwin-arm64/-/rustywind-darwin-arm64-0.26.0.tgz",
      "integrity": "sha512-5FI0LkhcftX3xpijUFT8OYcVmKxVRlotO4TlELIqFMQyNl9vgmLIvwSp5Gvm9cqLGZmOPs3Es22S4cLkXClacQ==",
      "cpu": [
        "arm64"
      ],
      "dev": true,
      "license": "MIT",
      "optional": true,
      "os": [
        "darwin"
      ]
    },
    "node_modules/rustywind-darwin-x64": {
      "version": "0.26.0",
      "resolved": "https://registry.npmjs.org/rustywind-darwin-x64/-/rustywind-darwin-x64-0.26.0.tgz",
      "integrity": "sha512-jl6JcrfI6DxA/lThz5EkiQ+31CTviwxbJLeNn1bflZe/jYLV4R4W9bw0Fi9ljVRw9fqWExEyPOyZQ7/wvT9KhQ==",
      "cpu": [
        "x64"
      ],
      "dev": true,
      "license": "MIT",
      "optional": true,
      "os": [
        "darwin"
      ]
    },
    "node_modules/rustywind-linux-arm-gnueabihf": {
      "version": "0.26.0",
      "resolved": "https://registry.npmjs.org/rustywind-linux-arm-gnueabihf/-/rustywind-linux-arm-gnueabihf-0.26.0.tgz",
      "integrity": "sha512-2EClqJZDrCv8uNOjzy1oW3G1PA7IP25UFg+OfxnJNLph6feElPAcfq/LZGVZFsEpH28pmV34qfjeia7f2ELTOQ==",
      "cpu": [
        "arm"
      ],
      "dev": true,
      "license": "MIT",
      "optional": true,
      "os": [
        "linux"
      ]
    },
    "node_modules/rustywind-linux-arm64-gnu": {
      "version": "0.26.0",
      "resolved": "https://registry.npmjs.org/rustywind-linux-arm64-gnu/-/rustywind-linux-arm64-gnu-0.26.0.tgz",
      "integrity": "sha512-EPVS8OHnua42RgMlFF+W/ALuwch96CArQ1dN8dV00NCIw/RrnWMpSWZbLZDkOvqw0jF9l+0vPBZGcq11uL3+7Q==",
      "cpu": [
        "arm64"
      ],
      "dev": true,
      "license": "MIT",
      "optional": true,
      "os": [
        "linux"
      ]
    },
    "node_modules/rustywind-linux-arm64-musl": {
      "version": "0.26.0",
      "resolved": "https://registry.npmjs.org/rustywind-linux-arm64-musl/-/rustywind-linux-arm64-musl-0.26.0.tgz",
      "integrity": "sha512-HSj0/MGrfv2uui+3nwdTWfhut0NJA7qFv1K9jhQeHIRIRgudQARK4t/6eif4VCc6sakGfvR/juNOXzUo1M7YeA==",
      "cpu": [
        "arm64"
      ],
      "dev": true,
      "libc": [
        "musl"
      ],
      "license": "MIT",
      "optional": true,
      "os": [
        "linux"
      ]
    },
    "node_modules/rustywind-linux-x64-musl": {
      "version": "0.26.0",
      "resolved": "https://registry.npmjs.org/rustywind-linux-x64-musl/-/rustywind-linux-x64-musl-0.26.0.tgz",
      "integrity": "sha512-pydjLHKkgSvxtTrKLPPhgKyP/OJBkkNQebbPEJ8xsyPUzUkmveNAXiL48s/B+lHOynboZxCjvAql+nf74IBzFg==",
      "cpu": [
        "x64"
      ],
      "dev": true,
      "license": "MIT",
      "optional": true,
      "os": [
        "linux"
      ]
    },
    "node_modules/rustywind-win32-ia32-msvc": {
      "version": "0.26.0",
      "resolved": "https://registry.npmjs.org/rustywind-win32-ia32-msvc/-/rustywind-win32-ia32-msvc-0.26.0.tgz",
      "integrity": "sha512-dtCmbDn9krYI7NhbPJUMH+eTKrZAilTNNY/3voNgMlMxlkuUvQlj4lu+dPePe1vyJzIkx+3IaG6mMtkeEKAExw==",
      "cpu": [
        "ia32"
      ],
      "dev": true,
      "license": "MIT",
      "optional": true,
      "os": [
        "win32"
      ]
    },
    "node_modules/rustywind-win32-x64-msvc": {
      "version": "0.26.0",
      "resolved": "https://registry.npmjs.org/rustywind-win32-x64-msvc/-/rustywind-win32-x64-msvc-0.26.0.tgz",
      "integrity": "sha512-oJPDvXqzK4fzTRgyNvaq2cwEBGZY4uc++cih2kuJAwNf+pdiabygYQe3QNERtWZE+0kMSlQ7cCqfCn1TXUkKrw==",
      "cpu": [
        "x64"
      ],
      "dev": true,
      "license": "MIT",
      "optional": true,
      "os": [
        "win32"
      ]
    }
  }
}
