{
  "name": "benchmarks",
  "lockfileVersion": 3,
  "requires": true,
  "packages": {
    "": {
      "devDependencies": {
        "prettier": "3.9.6",
        "rustywind": "0.27.0"
      }
    },
    "node_modules/detect-libc": {
      "version": "2.1.2",
      "resolved": "https://registry.npmjs.org/detect-libc/-/detect-libc-2.1.2.tgz",
      "integrity": "sha512-Btj2BOOO83o3WyH59e8MgXsxEQVcarkUOpEYrubB0urwnN10yQ364rsiByU11nZlqWYZm05i/of7io4mzihBtQ==",
      "dev": true,
      "license": "Apache-2.0",
      "engines": {
        "node": ">=8"
      }
    },
    "node_modules/prettier": {
      "version": "3.9.6",
      "resolved": "https://registry.npmjs.org/prettier/-/prettier-3.9.6.tgz",
      "integrity": "sha512-OpN0zzVdiaiAhxpuuj5efpIS4sY9j7bY6uR5mnj5yPzGkdkjNKSJeUThPb60Jw29QuAZgA4o+/iB49kFiaBX6g==",
      "dev": true,
      "license": "MIT",
      "bin": {
        "prettier": "bin/prettier.cjs"
      },
      "engines": {
        "node": ">=14"
      },
      "funding": {
        "url": "https://github.com/prettier/prettier?sponsor=1"
      }
    },
    "node_modules/rustywind": {
      "version": "0.27.0",
      "resolved": "https://registry.npmjs.org/rustywind/-/rustywind-0.27.0.tgz",
      "integrity": "sha512-0JLq+G3bhmEjjjdAO6+Lc1xNJBvcL9CliurjTp3rewVOXiM1Za3pAfkI7wR2aAtzlSfoqEv03UklakUK7VKbSA==",
      "dev": true,
      "hasInstallScript": true,
      "license": "MIT",
      "dependencies": {
        "detect-libc": "^2.0.3"
      },
      "bin": {
        "rustywind": "bin/rustywind"
      },
      "optionalDependencies": {
        "rustywind-darwin-arm64": "0.27.0",
        "rustywind-darwin-x64": "0.27.0",
        "rustywind-linux-arm-gnueabihf": "0.27.0",
        "rustywind-linux-arm64-gnu": "0.27.0",
        "rustywind-linux-arm64-musl": "0.27.0",
        "rustywind-linux-x64-musl": "0.27.0",
        "rustywind-win32-ia32-msvc": "0.27.0",
        "rustywind-win32-x64-msvc": "0.27.0"
      }
    },
    "node_modules/rustywind-darwin-arm64": {
      "version": "0.27.0",
      "resolved": "https://registry.npmjs.org/rustywind-darwin-arm64/-/rustywind-darwin-arm64-0.27.0.tgz",
      "integrity": "sha512-WJ2V92lv6PxV4iIXnH19sbogx9zenird9J+TfHQAiX9ZpSrvI3KeQcn42lOTYPTO6/q9B3HDB6b5eChGvC1alw==",
      "cpu": [
        "arm64"
      ],
      "dev": true,
      "license": "MIT",
      "optional": true,
      "os": [
        "darwin"
      ]
    },
    "node_modules/rustywind-darwin-x64": {
      "version": "0.27.0",
      "resolved": "https://registry.npmjs.org/rustywind-darwin-x64/-/rustywind-darwin-x64-0.27.0.tgz",
      "integrity": "sha512-5s4eOMXdP0jwXZXoHc1+x/Qg7whnfOdjv0Z8O92ZJ7fCdpr9eBMNSlwh8nhBW3O8HQHN4QWtSPh47l+uR0ne9Q==",
      "cpu": [
        "x64"
      ],
      "dev": true,
      "license": "MIT",
      "optional": true,
      "os": [
        "darwin"
      ]
    },
    "node_modules/rustywind-linux-arm-gnueabihf": {
      "version": "0.27.0",
      "resolved": "https://registry.npmjs.org/rustywind-linux-arm-gnueabihf/-/rustywind-linux-arm-gnueabihf-0.27.0.tgz",
      "integrity": "sha512-SkGaoNBquQYVjyXP7IQeoaRnobaiN4uCkhxMeRNKzeLL5SIFlpXja78P98hnwOfbsGzkBi0yiJOGiGuAsd70bA==",
      "cpu": [
        "arm"
      ],
      "dev": true,
      "license": "MIT",
      "optional": true,
      "os": [
        "linux"
      ]
    },
    "node_modules/rustywind-linux-arm64-gnu": {
      "version": "0.27.0",
      "resolved": "https://registry.npmjs.org/rustywind-linux-arm64-gnu/-/rustywind-linux-arm64-gnu-0.27.0.tgz",
      "integrity": "sha512-u16GL7UNqrtSIbqsWZpjvVWBHPMPsWY0QqVKuQodGJCGr6INwIxvGGfQI9LUjoDYycbGbrKR5jQO1la9rVUMhw==",
      "cpu": [
        "arm64"
      ],
      "dev": true,
      "license": "MIT",
      "optional": true,
      "os": [
        "linux"
      ]
    },
    "node_modules/rustywind-linux-arm64-musl": {
      "version": "0.27.0",
      "resolved": "https://registry.npmjs.org/rustywind-linux-arm64-musl/-/rustywind-linux-arm64-musl-0.27.0.tgz",
      "integrity": "sha512-+s9ZuwB+ldSu1LXnaWWsMKdqdMRBZtnCBKl5iOEypZ5n1o/7POpLChQN4prAI263673bPS+zVY+0bGP8lqqdFA==",
      "cpu": [
        "arm64"
      ],
      "dev": true,
      "libc": [
        "musl"
      ],
      "license": "MIT",
      "optional": true,
      "os": [
        "linux"
      ]
    },
    "node_modules/rustywind-linux-x64-musl": {
      "version": "0.27.0",
      "resolved": "https://registry.npmjs.org/rustywind-linux-x64-musl/-/rustywind-linux-x64-musl-0.27.0.tgz",
      "integrity": "sha512-41JLxWSTE/yKh8tRuL8JQm/N5N2FFgmYvTPaGd38rJRIH+sidwea3WlSYAaO5uyXNjExkzLkT2Kr+a/7cKxOdg==",
      "cpu": [
        "x64"
      ],
      "dev": true,
      "license": "MIT",
      "optional": true,
      "os": [
        "linux"
      ]
    },
    "node_modules/rustywind-win32-ia32-msvc": {
      "version": "0.27.0",
      "resolved": "https://registry.npmjs.org/rustywind-win32-ia32-msvc/-/rustywind-win32-ia32-msvc-0.27.0.tgz",
      "integrity": "sha512-WbLsYTVjdS0qPPTj0+PYZv5i7iKFcLIWUH8cxY4eLNBQ6yyT6T3rOMsxU9jQcCpzxi6pUqjM0oDVaA6S7IabRA==",
      "cpu": [
        "ia32"
      ],
      "dev": true,
      "license": "MIT",
      "optional": true,
      "os": [
        "win32"
      ]
    },
    "node_modules/rustywind-win32-x64-msvc": {
      "version": "0.27.0",
      "resolved": "https://registry.npmjs.org/rustywind-win32-x64-msvc/-/rustywind-win32-x64-msvc-0.27.0.tgz",
      "integrity": "sha512-TN4NrjKWOpudGLGWjGidVhHzyjC6++D1tsoMHJWh7m5TNLcCHqSkcxTSR7MatZKyCdVma7RNPhmGXXiNaCNIOw==",
      "cpu": [
        "x64"
      ],
      "dev": true,
      "license": "MIT",
      "optional": true,
      "os": [
        "win32"
      ]
    }
  }
}
