{
  "name": "benchmarks",
  "lockfileVersion": 3,
  "requires": true,
  "packages": {
    "": {
      "devDependencies": {
        "prettier": "3.9.6",
        "rustywind": "0.28.0"
      }
    },
    "node_modules/detect-libc": {
      "version": "2.1.2",
      "resolved": "https://registry.npmjs.org/detect-libc/-/detect-libc-2.1.2.tgz",
      "integrity": "sha512-Btj2BOOO83o3WyH59e8MgXsxEQVcarkUOpEYrubB0urwnN10yQ364rsiByU11nZlqWYZm05i/of7io4mzihBtQ==",
      "dev": true,
      "license": "Apache-2.0",
      "engines": {
        "node": ">=8"
      }
    },
    "node_modules/prettier": {
      "version": "3.9.6",
      "resolved": "https://registry.npmjs.org/prettier/-/prettier-3.9.6.tgz",
      "integrity": "sha512-OpN0zzVdiaiAhxpuuj5efpIS4sY9j7bY6uR5mnj5yPzGkdkjNKSJeUThPb60Jw29QuAZgA4o+/iB49kFiaBX6g==",
      "dev": true,
      "license": "MIT",
      "bin": {
        "prettier": "bin/prettier.cjs"
      },
      "engines": {
        "node": ">=14"
      },
      "funding": {
        "url": "https://github.com/prettier/prettier?sponsor=1"
      }
    },
    "node_modules/rustywind": {
      "version": "0.28.0",
      "resolved": "https://registry.npmjs.org/rustywind/-/rustywind-0.28.0.tgz",
      "integrity": "sha512-HR9+hnc2iUxMnrGsR3trx3W0CgMOaA95/cRNfw3orrR9dm+bPMaf/bB2xIvjRV97nDoxqnYq9+NU92Z7HfqKzw==",
      "dev": true,
      "hasInstallScript": true,
      "license": "MIT",
      "dependencies": {
        "detect-libc": "^2.0.3"
      },
      "bin": {
        "rustywind": "bin/rustywind"
      },
      "optionalDependencies": {
        "rustywind-darwin-arm64": "0.28.0",
        "rustywind-darwin-x64": "0.28.0",
        "rustywind-linux-arm-gnueabihf": "0.28.0",
        "rustywind-linux-arm64-gnu": "0.28.0",
        "rustywind-linux-arm64-musl": "0.28.0",
        "rustywind-linux-x64-musl": "0.28.0",
        "rustywind-win32-ia32-msvc": "0.28.0",
        "rustywind-win32-x64-msvc": "0.28.0"
      }
    },
    "node_modules/rustywind-darwin-arm64": {
      "version": "0.28.0",
      "resolved": "https://registry.npmjs.org/rustywind-darwin-arm64/-/rustywind-darwin-arm64-0.28.0.tgz",
      "integrity": "sha512-kn9m0GJscd6dMyy3camY5bCYJzS6AzCwHYKtNY+IViLHgcHx9ZHGWUJztzw5gZZ9uX6QQhSGnFHDGzIu7Jq2Cw==",
      "cpu": [
        "arm64"
      ],
      "dev": true,
      "license": "MIT",
      "optional": true,
      "os": [
        "darwin"
      ]
    },
    "node_modules/rustywind-darwin-x64": {
      "version": "0.28.0",
      "resolved": "https://registry.npmjs.org/rustywind-darwin-x64/-/rustywind-darwin-x64-0.28.0.tgz",
      "integrity": "sha512-gO/mjUDBSUrmNw2KL23wI5gd3QNGb0b3gA0ID5LYsKwhTqSJ79kHOJo3ud4P1sZrrfrO7qjS4Ns5k0ijMytoYA==",
      "cpu": [
        "x64"
      ],
      "dev": true,
      "license": "MIT",
      "optional": true,
      "os": [
        "darwin"
      ]
    },
    "node_modules/rustywind-linux-arm-gnueabihf": {
      "version": "0.28.0",
      "resolved": "https://registry.npmjs.org/rustywind-linux-arm-gnueabihf/-/rustywind-linux-arm-gnueabihf-0.28.0.tgz",
      "integrity": "sha512-WCNz5bonDiRD6E672JYocF2QuynsWzIHAEiRBtEU3ZSzjiwx1GybL8/IH8j5ojMPvh5ifsTFS625ZEeWv3RtPA==",
      "cpu": [
        "arm"
      ],
      "dev": true,
      "license": "MIT",
      "optional": true,
      "os": [
        "linux"
      ]
    },
    "node_modules/rustywind-linux-arm64-gnu": {
      "version": "0.28.0",
      "resolved": "https://registry.npmjs.org/rustywind-linux-arm64-gnu/-/rustywind-linux-arm64-gnu-0.28.0.tgz",
      "integrity": "sha512-oQpezlCO5Si90iOMqDqzQITG0HWcVC7cTvs267FYC0fZmY8gp0qqdlpd2WiwMOIZiXjHSeus+Fki3BCK9Ybeng==",
      "cpu": [
        "arm64"
      ],
      "dev": true,
      "license": "MIT",
      "optional": true,
      "os": [
        "linux"
      ]
    },
    "node_modules/rustywind-linux-arm64-musl": {
      "version": "0.28.0",
      "resolved": "https://registry.npmjs.org/rustywind-linux-arm64-musl/-/rustywind-linux-arm64-musl-0.28.0.tgz",
      "integrity": "sha512-RUWV/HAnnNclCpwUflY9fIoaHeAsgyCM1jLT+NMesYhJn/8f9ywT5pUR7tQ8bd4cJEzWUKhMVKrE1PmFGXPr9A==",
      "cpu": [
        "arm64"
      ],
      "dev": true,
      "libc": [
        "musl"
      ],
      "license": "MIT",
      "optional": true,
      "os": [
        "linux"
      ]
    },
    "node_modules/rustywind-linux-x64-musl": {
      "version": "0.28.0",
      "resolved": "https://registry.npmjs.org/rustywind-linux-x64-musl/-/rustywind-linux-x64-musl-0.28.0.tgz",
      "integrity": "sha512-IedD5BRTWK8Uk1BSxcIR1FjgOSmV17LCjE51BRix2bnEy3r9LX47tEIX486LUYbPIGgxdGGo+2kBjMlHMZ50xw==",
      "cpu": [
        "x64"
      ],
      "dev": true,
      "license": "MIT",
      "optional": true,
      "os": [
        "linux"
      ]
    },
    "node_modules/rustywind-win32-ia32-msvc": {
      "version": "0.28.0",
      "resolved": "https://registry.npmjs.org/rustywind-win32-ia32-msvc/-/rustywind-win32-ia32-msvc-0.28.0.tgz",
      "integrity": "sha512-V40m8cjSbuow5qH95w49EkLjmYxqmwAp4gqHcLHBcsoiuykLN6Uni5aBb1DmjTAvt/eAMVPMVygSWf1rn5BMUQ==",
      "cpu": [
        "ia32"
      ],
      "dev": true,
      "license": "MIT",
      "optional": true,
      "os": [
        "win32"
      ]
    },
    "node_modules/rustywind-win32-x64-msvc": {
      "version": "0.28.0",
      "resolved": "https://registry.npmjs.org/rustywind-win32-x64-msvc/-/rustywind-win32-x64-msvc-0.28.0.tgz",
      "integrity": "sha512-yUXtGPTDPjU9moN5Ys1F6i0BfxvKRTtdGAt2RVbSXJEZa9b8cz0M0VOyaAxY/NIlVa/1vtsl214489QAIFmWZg==",
      "cpu": [
        "x64"
      ],
      "dev": true,
      "license": "MIT",
      "optional": true,
      "os": [
        "win32"
      ]
    }
  }
}
